{
  "version": 4,
  "terraform_version": "1.15.6",
  "serial": 23,
  "lineage": "b8eef7d5-c8d0-0281-0dc2-1259cab6e9d1",
  "outputs": {
    "cluster_id": {
      "value": "cluster-gb3g3zqnflp",
      "type": "string"
    },
    "cluster_security_group_id": {
      "value": "sg-06d50e2483d5694b6",
      "type": "string"
    },
    "cluster_state": {
      "value": "ACTIVE",
      "type": "string"
    },
    "ec2_client_instance_id": {
      "value": "i-07e72a5ac180c3c13",
      "type": "string"
    },
    "hsm_eni_ip": {
      "value": "10.0.2.241",
      "type": "string"
    },
    "hsm_id": {
      "value": "hsm-zhzp575z36s",
      "type": "string"
    },
    "ssm_connect_command": {
      "value": "aws ssm start-session --target i-07e72a5ac180c3c13 --region us-east-1",
      "type": "string"
    }
  },
  "resources": [
    {
      "mode": "data",
      "type": "aws_ami",
      "name": "amazon_linux_2",
      "provider": "provider[\"registry.terraform.io/hashicorp/aws\"]",
      "instances": [
        {
          "schema_version": 0,
          "attributes": {
            "architecture": "x86_64",
            "arn": "arn:aws:ec2:us-east-1::image/ami-019f95f906c09e357",
            "block_device_mappings": [
              {
                "device_name": "/dev/xvda",
                "ebs": {
                  "delete_on_termination": "true",
                  "encrypted": "false",
                  "iops": "0",
                  "snapshot_id": "snap-00c21d992c7321ce2",
                  "throughput": "0",
                  "volume_initialization_rate": "0",
                  "volume_size": "8",
                  "volume_type": "gp2"
                },
                "no_device": "",
                "virtual_name": ""
              }
            ],
            "boot_mode": "",
            "creation_date": "2026-09-23T16:57:19.000Z",
            "deprecation_time": "2026-12-22T16:59:00.000Z",
            "description": "Amazon Linux 2 AMI 2.0.20260923.0 x86_64 HVM gp2",
            "ena_support": true,
            "executable_users": null,
            "filter": [
              {
                "name": "name",
                "values": [
                  "amzn2-ami-hvm-*-x86_64-gp2"
                ]
              },
              {
                "name": "virtualization-type",
                "values": [
                  "hvm"
                ]
              }
            ],
            "hypervisor": "xen",
            "id": "ami-019f95f906c09e357",
            "image_id": "ami-019f95f906c09e357",
            "image_location": "amazon/amzn2-ami-hvm-2.0.20260923.0-x86_64-gp2",
            "image_owner_alias": "amazon",
            "image_type": "machine",
            "imds_support": "",
            "include_deprecated": false,
            "kernel_id": "",
            "last_launched_time": "",
            "most_recent": true,
            "name": "amzn2-ami-hvm-2.0.20260923.0-x86_64-gp2",
            "name_regex": null,
            "owner_id": "137112412989",
            "owners": [
              "amazon"
            ],
            "platform": "",
            "platform_details": "Linux/UNIX",
            "product_codes": [],
            "public": true,
            "ramdisk_id": "",
            "root_device_name": "/dev/xvda",
            "root_device_type": "ebs",
            "root_snapshot_id": "snap-00c21d992c7321ce2",
            "sriov_net_support": "simple",
            "state": "available",
            "state_reason": {
              "code": "UNSET",
              "message": "UNSET"
            },
            "tags": {},
            "timeouts": null,
            "tpm_support": "",
            "uefi_data": null,
            "usage_operation": "RunInstances",
            "virtualization_type": "hvm"
          },
          "sensitive_attributes": [],
          "identity_schema_version": 0
        }
      ]
    },
    {
      "mode": "data",
      "type": "aws_availability_zones",
      "name": "available",
      "provider": "provider[\"registry.terraform.io/hashicorp/aws\"]",
      "instances": [
        {
          "schema_version": 0,
          "attributes": {
            "all_availability_zones": null,
            "exclude_names": null,
            "exclude_zone_ids": null,
            "filter": null,
            "group_names": [
              "us-east-1-zg-1"
            ],
            "id": "us-east-1",
            "names": [
              "us-east-1a",
              "us-east-1b",
              "us-east-1c",
              "us-east-1d",
              "us-east-1e",
              "us-east-1f"
            ],
            "state": "available",
            "timeouts": null,
            "zone_ids": [
              "use1-az6",
              "use1-az1",
              "use1-az2",
              "use1-az4",
              "use1-az3",
              "use1-az5"
            ]
          },
          "sensitive_attributes": [],
          "identity_schema_version": 0
        }
      ]
    },
    {
      "mode": "managed",
      "type": "aws_cloudhsm_v2_cluster",
      "name": "main",
      "provider": "provider[\"registry.terraform.io/hashicorp/aws\"]",
      "instances": [
        {
          "schema_version": 0,
          "attributes": {
            "cluster_certificates": [
              {
                "aws_hardware_certificate": "",
                "cluster_certificate": "-----BEGIN CERTIFICATE-----\nMIIDEjCCAfoCCQCM4LKO/26VjjANBgkqhkiG9w0BAQsFADAaMRgwFgYDVQQDDA9D\nbG91ZEhTTS1QT0MtQ0EwHhcNMjYwOTI0MDU0NjUzWhcNMzYwOTIzMDU0NjUzWjB8\nMUIwCQYDVQQGEwJVUzAJBgNVBAgMAkNBMAoGA1UECwwDTFMyMA4GA1UEBwwHU2Fu\nSm9zZTAOBgNVBAoMB01hcnZlbGwxNjA0BgNVBAMMLUhTTTpSQ04yNTIwQjE1NzU5\nOlBBUlROOjI1LCBmb3Igbm9uLUZJUFMgbW9kZTCCASIwDQYJKoZIhvcNAQEBBQAD\nggEPADCCAQoCggEBAMjG4TrAJ4tzs9SCo3+FOPEKahp943d1p9m+lgqMP+8QCDAG\nlBW90hlRmSfbIV1cMsjJ2UiQ7egFHwV8rpyptt5X71DcYdF3mU4pesPMaCth2l8z\nZtH9h8Nj/YgwlS8Bf7IIaWfwJLQxyT/VeEqEiEVf/XXe0uJ5qqziCdV97crlSrmK\nqSlJn/UBZn3n5oYTg/5YmA/jQp9rnrKq10DRegl9ebf8HCtq8t3SDRXlNTwzehUY\nC2GLjXsLyq/kHuuPaGDX2cqNuDxaGPhNrSX1ZZzdRpuij2Cbyiu/eIKI4zTLAW8x\naSr1LfSViAqsHyPFOlNx+Me6m8IeaeYRcN/P0WECAwEAATANBgkqhkiG9w0BAQsF\nAAOCAQEAO6FAFA6CM2M6E7/V3XsHDkIKe859KR67oQcYsGE/e1GZR7fnPkKlyBm2\nHYpjV4EvwVZSpLFBxHYAHIcI+Qu5KtDx4e5zYKCsUjt5hHmBYKf4y6+bVzMvsgjR\nT7QrC1s8GsCjdkclZE+wVEXIv/5tff+d939W0c2uO6mguVRyKcXBbDDDg5L4IRVT\nGn/FLZ56oIF3PpwXwZD7BtmA06SuESdJzwU0PzmA1hRQca1owqOLNekLhxRJiS4s\nVvQLAZ5xMEPadmx/FX2ggB9dUPmZh1En++xHCLn1W07lKwJdPb9yXdX2c1b85ETp\nryG3w2oDIIIQvWkZjSIsYYGneys23g==\n-----END CERTIFICATE-----\n",
                "cluster_csr": "",
                "hsm_certificate": "",
                "manufacturer_hardware_certificate": ""
              }
            ],
            "cluster_id": "cluster-gb3g3zqnflp",
            "cluster_state": "ACTIVE",
            "hsm_type": "hsm2m.medium",
            "id": "cluster-gb3g3zqnflp",
            "mode": "NON_FIPS",
            "security_group_id": "sg-06d50e2483d5694b6",
            "source_backup_identifier": "",
            "subnet_ids": [
              "subnet-0b9cded972698330a"
            ],
            "tags": {
              "Name": "cloudhsm-poc-cluster"
            },
            "tags_all": {
              "Name": "cloudhsm-poc-cluster"
            },
            "timeouts": null,
            "vpc_id": "vpc-03ded445fda757994"
          },
          "sensitive_attributes": [],
          "identity_schema_version": 0,
          "private": "eyJlMmJmYjczMC1lY2FhLTExZTYtOGY4OC0zNDM2M2JjN2M0YzAiOnsiY3JlYXRlIjo3MjAwMDAwMDAwMDAwLCJkZWxldGUiOjcyMDAwMDAwMDAwMDAsInVwZGF0ZSI6NzIwMDAwMDAwMDAwMH19",
          "dependencies": [
            "aws_subnet.private",
            "aws_vpc.main",
            "data.aws_availability_zones.available"
          ]
        }
      ]
    },
    {
      "mode": "managed",
      "type": "aws_cloudhsm_v2_hsm",
      "name": "primary",
      "provider": "provider[\"registry.terraform.io/hashicorp/aws\"]",
      "instances": [
        {
          "schema_version": 0,
          "attributes": {
            "availability_zone": "us-east-1a",
            "cluster_id": "cluster-gb3g3zqnflp",
            "hsm_eni_id": "eni-05009340bd29c1e11",
            "hsm_id": "hsm-zhzp575z36s",
            "hsm_state": "ACTIVE",
            "id": "hsm-zhzp575z36s",
            "ip_address": "10.0.2.241",
            "subnet_id": "subnet-0b9cded972698330a",
            "timeouts": null
          },
          "sensitive_attributes": [],
          "identity_schema_version": 0,
          "private": "eyJlMmJmYjczMC1lY2FhLTExZTYtOGY4OC0zNDM2M2JjN2M0YzAiOnsiY3JlYXRlIjo3MjAwMDAwMDAwMDAwLCJkZWxldGUiOjcyMDAwMDAwMDAwMDB9fQ==",
          "dependencies": [
            "aws_cloudhsm_v2_cluster.main",
            "aws_subnet.private",
            "aws_vpc.main",
            "data.aws_availability_zones.available"
          ]
        }
      ]
    },
    {
      "mode": "managed",
      "type": "aws_cloudhsm_v2_hsm",
      "name": "secondary",
      "provider": "provider[\"registry.terraform.io/hashicorp/aws\"]",
      "instances": [
        {
          "schema_version": 0,
          "attributes": {
            "availability_zone": "us-east-1a",
            "cluster_id": "cluster-gb3g3zqnflp",
            "hsm_eni_id": "eni-0861de78ed74e141f",
            "hsm_id": "hsm-acp7s3flcng",
            "hsm_state": "ACTIVE",
            "id": "hsm-acp7s3flcng",
            "ip_address": "10.0.2.72",
            "subnet_id": "subnet-0b9cded972698330a",
            "timeouts": null
          },
          "sensitive_attributes": [],
          "identity_schema_version": 0,
          "private": "eyJlMmJmYjczMC1lY2FhLTExZTYtOGY4OC0zNDM2M2JjN2M0YzAiOnsiY3JlYXRlIjo3MjAwMDAwMDAwMDAwLCJkZWxldGUiOjcyMDAwMDAwMDAwMDB9fQ==",
          "dependencies": [
            "aws_cloudhsm_v2_cluster.main",
            "aws_subnet.private",
            "aws_vpc.main",
            "data.aws_availability_zones.available"
          ]
        }
      ]
    },
    {
      "mode": "managed",
      "type": "aws_iam_instance_profile",
      "name": "ec2_hsm_client",
      "provider": "provider[\"registry.terraform.io/hashicorp/aws\"]",
      "instances": [
        {
          "schema_version": 0,
          "attributes": {
            "arn": "arn:aws:iam::645255961018:instance-profile/cloudhsm-poc-ec2-profile",
            "create_date": "2026-09-24T05:02:58Z",
            "id": "cloudhsm-poc-ec2-profile",
            "name": "cloudhsm-poc-ec2-profile",
            "name_prefix": "",
            "path": "/",
            "role": "cloudhsm-poc-ec2-role",
            "tags": {},
            "tags_all": {},
            "unique_id": "AIPAZMPCATG5CMGGWP4LB"
          },
          "sensitive_attributes": [],
          "identity_schema_version": 0,
          "private": "bnVsbA==",
          "dependencies": [
            "aws_iam_role.ec2_hsm_client"
          ]
        }
      ]
    },
    {
      "mode": "managed",
      "type": "aws_iam_role",
      "name": "ec2_hsm_client",
      "provider": "provider[\"registry.terraform.io/hashicorp/aws\"]",
      "instances": [
        {
          "schema_version": 0,
          "attributes": {
            "arn": "arn:aws:iam::645255961018:role/cloudhsm-poc-ec2-role",
            "assume_role_policy": "{\"Statement\":[{\"Action\":\"sts:AssumeRole\",\"Effect\":\"Allow\",\"Principal\":{\"Service\":\"ec2.amazonaws.com\"}}],\"Version\":\"2012-10-17\"}",
            "create_date": "2026-09-24T05:02:57Z",
            "description": "",
            "force_detach_policies": false,
            "id": "cloudhsm-poc-ec2-role",
            "inline_policy": [],
            "managed_policy_arns": [
              "arn:aws:iam::aws:policy/AWSCloudHSMFullAccess",
              "arn:aws:iam::aws:policy/AmazonSSMManagedInstanceCore"
            ],
            "max_session_duration": 3600,
            "name": "cloudhsm-poc-ec2-role",
            "name_prefix": "",
            "path": "/",
            "permissions_boundary": "",
            "tags": {},
            "tags_all": {},
            "unique_id": "AROAZMPCATG5KSRKNLF57"
          },
          "sensitive_attributes": [],
          "identity_schema_version": 0,
          "private": "bnVsbA=="
        }
      ]
    },
    {
      "mode": "managed",
      "type": "aws_iam_role_policy_attachment",
      "name": "cloudhsm_full",
      "provider": "provider[\"registry.terraform.io/hashicorp/aws\"]",
      "instances": [
        {
          "schema_version": 0,
          "attributes": {
            "id": "cloudhsm-poc-ec2-role-20260924050258456400000001",
            "policy_arn": "arn:aws:iam::aws:policy/AWSCloudHSMFullAccess",
            "role": "cloudhsm-poc-ec2-role"
          },
          "sensitive_attributes": [],
          "identity_schema_version": 0,
          "private": "bnVsbA==",
          "dependencies": [
            "aws_iam_role.ec2_hsm_client"
          ]
        }
      ]
    },
    {
      "mode": "managed",
      "type": "aws_iam_role_policy_attachment",
      "name": "ssm_core",
      "provider": "provider[\"registry.terraform.io/hashicorp/aws\"]",
      "instances": [
        {
          "schema_version": 0,
          "attributes": {
            "id": "cloudhsm-poc-ec2-role-20260924050259037500000002",
            "policy_arn": "arn:aws:iam::aws:policy/AmazonSSMManagedInstanceCore",
            "role": "cloudhsm-poc-ec2-role"
          },
          "sensitive_attributes": [],
          "identity_schema_version": 0,
          "private": "bnVsbA==",
          "dependencies": [
            "aws_iam_role.ec2_hsm_client"
          ]
        }
      ]
    },
    {
      "mode": "managed",
      "type": "aws_instance",
      "name": "hsm_client",
      "provider": "provider[\"registry.terraform.io/hashicorp/aws\"]",
      "instances": [
        {
          "schema_version": 1,
          "attributes": {
            "ami": "ami-019f95f906c09e357",
            "arn": "arn:aws:ec2:us-east-1:645255961018:instance/i-07e72a5ac180c3c13",
            "associate_public_ip_address": true,
            "availability_zone": "us-east-1a",
            "capacity_reservation_specification": [
              {
                "capacity_reservation_preference": "open",
                "capacity_reservation_target": []
              }
            ],
            "cpu_core_count": 1,
            "cpu_options": [
              {
                "amd_sev_snp": "",
                "core_count": 1,
                "threads_per_core": 2
              }
            ],
            "cpu_threads_per_core": 2,
            "credit_specification": [
              {
                "cpu_credits": "unlimited"
              }
            ],
            "disable_api_stop": false,
            "disable_api_termination": false,
            "ebs_block_device": [],
            "ebs_optimized": false,
            "enable_primary_ipv6": null,
            "enclave_options": [
              {
                "enabled": false
              }
            ],
            "ephemeral_block_device": [],
            "get_password_data": false,
            "hibernation": false,
            "host_id": "",
            "host_resource_group_arn": null,
            "iam_instance_profile": "cloudhsm-poc-ec2-profile",
            "id": "i-07e72a5ac180c3c13",
            "instance_initiated_shutdown_behavior": "stop",
            "instance_lifecycle": "",
            "instance_market_options": [],
            "instance_state": "running",
            "instance_type": "t3.micro",
            "ipv6_address_count": 0,
            "ipv6_addresses": [],
            "key_name": "",
            "launch_template": [],
            "maintenance_options": [
              {
                "auto_recovery": "default"
              }
            ],
            "metadata_options": [
              {
                "http_endpoint": "enabled",
                "http_protocol_ipv6": "disabled",
                "http_put_response_hop_limit": 1,
                "http_tokens": "required",
                "instance_metadata_tags": "disabled"
              }
            ],
            "monitoring": false,
            "network_interface": [],
            "outpost_arn": "",
            "password_data": "",
            "placement_group": "",
            "placement_partition_number": 0,
            "primary_network_interface_id": "eni-01d3cef825ee0b2d4",
            "private_dns": "ip-10-0-1-193.ec2.internal",
            "private_dns_name_options": [
              {
                "enable_resource_name_dns_a_record": false,
                "enable_resource_name_dns_aaaa_record": false,
                "hostname_type": "ip-name"
              }
            ],
            "private_ip": "10.0.1.193",
            "public_dns": "ec2-13-218-23-216.compute-1.amazonaws.com",
            "public_ip": "13.218.23.216",
            "root_block_device": [
              {
                "delete_on_termination": true,
                "device_name": "/dev/xvda",
                "encrypted": false,
                "iops": 100,
                "kms_key_id": "",
                "tags": {},
                "tags_all": {},
                "throughput": 0,
                "volume_id": "vol-0efba6988ca106ab9",
                "volume_size": 8,
                "volume_type": "gp2"
              }
            ],
            "secondary_private_ips": [],
            "security_groups": [],
            "source_dest_check": true,
            "spot_instance_request_id": "",
            "subnet_id": "subnet-062afce3d270ef38c",
            "tags": {
              "Name": "cloudhsm-poc-hsm-client"
            },
            "tags_all": {
              "Name": "cloudhsm-poc-hsm-client"
            },
            "tenancy": "default",
            "timeouts": null,
            "user_data": "67089f9fc70b9685df7040288f7f615c99e0ecc9",
            "user_data_base64": null,
            "user_data_replace_on_change": false,
            "volume_tags": null,
            "vpc_security_group_ids": [
              "sg-01547d3728c806fdb"
            ]
          },
          "sensitive_attributes": [],
          "identity_schema_version": 0,
          "private": "eyJlMmJmYjczMC1lY2FhLTExZTYtOGY4OC0zNDM2M2JjN2M0YzAiOnsiY3JlYXRlIjo2MDAwMDAwMDAwMDAsImRlbGV0ZSI6MTIwMDAwMDAwMDAwMCwicmVhZCI6OTAwMDAwMDAwMDAwLCJ1cGRhdGUiOjYwMDAwMDAwMDAwMH0sInNjaGVtYV92ZXJzaW9uIjoiMSJ9",
          "dependencies": [
            "aws_iam_instance_profile.ec2_hsm_client",
            "aws_iam_role.ec2_hsm_client",
            "aws_security_group.ec2_client",
            "aws_subnet.public",
            "aws_vpc.main",
            "data.aws_ami.amazon_linux_2",
            "data.aws_availability_zones.available"
          ]
        }
      ]
    },
    {
      "mode": "managed",
      "type": "aws_internet_gateway",
      "name": "main",
      "provider": "provider[\"registry.terraform.io/hashicorp/aws\"]",
      "instances": [
        {
          "schema_version": 0,
          "attributes": {
            "arn": "arn:aws:ec2:us-east-1:645255961018:internet-gateway/igw-04590977edb0f7481",
            "id": "igw-04590977edb0f7481",
            "owner_id": "645255961018",
            "tags": {
              "Name": "cloudhsm-poc-igw"
            },
            "tags_all": {
              "Name": "cloudhsm-poc-igw"
            },
            "timeouts": null,
            "vpc_id": "vpc-03ded445fda757994"
          },
          "sensitive_attributes": [],
          "identity_schema_version": 0,
          "private": "eyJlMmJmYjczMC1lY2FhLTExZTYtOGY4OC0zNDM2M2JjN2M0YzAiOnsiY3JlYXRlIjoxMjAwMDAwMDAwMDAwLCJkZWxldGUiOjEyMDAwMDAwMDAwMDAsInVwZGF0ZSI6MTIwMDAwMDAwMDAwMH19",
          "dependencies": [
            "aws_vpc.main"
          ]
        }
      ]
    },
    {
      "mode": "managed",
      "type": "aws_route_table",
      "name": "public",
      "provider": "provider[\"registry.terraform.io/hashicorp/aws\"]",
      "instances": [
        {
          "schema_version": 0,
          "attributes": {
            "arn": "arn:aws:ec2:us-east-1:645255961018:route-table/rtb-0341a93f0b3fba0c3",
            "id": "rtb-0341a93f0b3fba0c3",
            "owner_id": "645255961018",
            "propagating_vgws": [],
            "route": [
              {
                "carrier_gateway_id": "",
                "cidr_block": "0.0.0.0/0",
                "core_network_arn": "",
                "destination_prefix_list_id": "",
                "egress_only_gateway_id": "",
                "gateway_id": "igw-04590977edb0f7481",
                "ipv6_cidr_block": "",
                "local_gateway_id": "",
                "nat_gateway_id": "",
                "network_interface_id": "",
                "transit_gateway_id": "",
                "vpc_endpoint_id": "",
                "vpc_peering_connection_id": ""
              }
            ],
            "tags": {
              "Name": "cloudhsm-poc-public-rt"
            },
            "tags_all": {
              "Name": "cloudhsm-poc-public-rt"
            },
            "timeouts": null,
            "vpc_id": "vpc-03ded445fda757994"
          },
          "sensitive_attributes": [],
          "identity_schema_version": 0,
          "private": "eyJlMmJmYjczMC1lY2FhLTExZTYtOGY4OC0zNDM2M2JjN2M0YzAiOnsiY3JlYXRlIjozMDAwMDAwMDAwMDAsImRlbGV0ZSI6MzAwMDAwMDAwMDAwLCJ1cGRhdGUiOjEyMDAwMDAwMDAwMH19",
          "dependencies": [
            "aws_internet_gateway.main",
            "aws_vpc.main"
          ]
        }
      ]
    },
    {
      "mode": "managed",
      "type": "aws_route_table_association",
      "name": "public",
      "provider": "provider[\"registry.terraform.io/hashicorp/aws\"]",
      "instances": [
        {
          "schema_version": 0,
          "attributes": {
            "gateway_id": "",
            "id": "rtbassoc-0da50489d2278c6b1",
            "route_table_id": "rtb-0341a93f0b3fba0c3",
            "subnet_id": "subnet-062afce3d270ef38c",
            "timeouts": null
          },
          "sensitive_attributes": [],
          "identity_schema_version": 0,
          "private": "eyJlMmJmYjczMC1lY2FhLTExZTYtOGY4OC0zNDM2M2JjN2M0YzAiOnsiY3JlYXRlIjozMDAwMDAwMDAwMDAsImRlbGV0ZSI6MzAwMDAwMDAwMDAwLCJ1cGRhdGUiOjEyMDAwMDAwMDAwMH19",
          "dependencies": [
            "aws_internet_gateway.main",
            "aws_route_table.public",
            "aws_subnet.public",
            "aws_vpc.main",
            "data.aws_availability_zones.available"
          ]
        }
      ]
    },
    {
      "mode": "managed",
      "type": "aws_security_group",
      "name": "ec2_client",
      "provider": "provider[\"registry.terraform.io/hashicorp/aws\"]",
      "instances": [
        {
          "schema_version": 1,
          "attributes": {
            "arn": "arn:aws:ec2:us-east-1:645255961018:security-group/sg-01547d3728c806fdb",
            "description": "HSM client EC2 - outbound to CloudHSM cluster",
            "egress": [
              {
                "cidr_blocks": [
                  "0.0.0.0/0"
                ],
                "description": "General internet egress (SSM, package downloads)",
                "from_port": 0,
                "ipv6_cidr_blocks": [],
                "prefix_list_ids": [],
                "protocol": "-1",
                "security_groups": [],
                "self": false,
                "to_port": 0
              }
            ],
            "id": "sg-01547d3728c806fdb",
            "ingress": [],
            "name": "cloudhsm-poc-ec2-client-sg",
            "name_prefix": "",
            "owner_id": "645255961018",
            "revoke_rules_on_delete": false,
            "tags": {
              "Name": "cloudhsm-poc-ec2-client-sg"
            },
            "tags_all": {
              "Name": "cloudhsm-poc-ec2-client-sg"
            },
            "timeouts": null,
            "vpc_id": "vpc-03ded445fda757994"
          },
          "sensitive_attributes": [],
          "identity_schema_version": 0,
          "private": "eyJlMmJmYjczMC1lY2FhLTExZTYtOGY4OC0zNDM2M2JjN2M0YzAiOnsiY3JlYXRlIjo2MDAwMDAwMDAwMDAsImRlbGV0ZSI6OTAwMDAwMDAwMDAwfSwic2NoZW1hX3ZlcnNpb24iOiIxIn0=",
          "dependencies": [
            "aws_vpc.main"
          ]
        }
      ]
    },
    {
      "mode": "managed",
      "type": "aws_security_group_rule",
      "name": "hsm_inbound_from_client",
      "provider": "provider[\"registry.terraform.io/hashicorp/aws\"]",
      "instances": [
        {
          "schema_version": 2,
          "attributes": {
            "cidr_blocks": null,
            "description": "CloudHSM client traffic from EC2",
            "from_port": 2223,
            "id": "sgrule-2110931319",
            "ipv6_cidr_blocks": null,
            "prefix_list_ids": null,
            "protocol": "tcp",
            "security_group_id": "sg-06d50e2483d5694b6",
            "security_group_rule_id": "sgr-0980c6f007b2519aa",
            "self": false,
            "source_security_group_id": "sg-01547d3728c806fdb",
            "timeouts": null,
            "to_port": 2225,
            "type": "ingress"
          },
          "sensitive_attributes": [],
          "identity_schema_version": 0,
          "private": "eyJlMmJmYjczMC1lY2FhLTExZTYtOGY4OC0zNDM2M2JjN2M0YzAiOnsiY3JlYXRlIjozMDAwMDAwMDAwMDB9LCJzY2hlbWFfdmVyc2lvbiI6IjIifQ==",
          "dependencies": [
            "aws_cloudhsm_v2_cluster.main",
            "aws_security_group.ec2_client",
            "aws_subnet.private",
            "aws_vpc.main",
            "data.aws_availability_zones.available"
          ]
        }
      ]
    },
    {
      "mode": "managed",
      "type": "aws_subnet",
      "name": "private",
      "provider": "provider[\"registry.terraform.io/hashicorp/aws\"]",
      "instances": [
        {
          "schema_version": 1,
          "attributes": {
            "arn": "arn:aws:ec2:us-east-1:645255961018:subnet/subnet-0b9cded972698330a",
            "assign_ipv6_address_on_creation": false,
            "availability_zone": "us-east-1a",
            "availability_zone_id": "use1-az6",
            "cidr_block": "10.0.2.0/24",
            "customer_owned_ipv4_pool": "",
            "enable_dns64": false,
            "enable_lni_at_device_index": 0,
            "enable_resource_name_dns_a_record_on_launch": false,
            "enable_resource_name_dns_aaaa_record_on_launch": false,
            "id": "subnet-0b9cded972698330a",
            "ipv6_cidr_block": "",
            "ipv6_cidr_block_association_id": "",
            "ipv6_native": false,
            "map_customer_owned_ip_on_launch": false,
            "map_public_ip_on_launch": false,
            "outpost_arn": "",
            "owner_id": "645255961018",
            "private_dns_hostname_type_on_launch": "ip-name",
            "tags": {
              "Name": "cloudhsm-poc-private-subnet"
            },
            "tags_all": {
              "Name": "cloudhsm-poc-private-subnet"
            },
            "timeouts": null,
            "vpc_id": "vpc-03ded445fda757994"
          },
          "sensitive_attributes": [],
          "identity_schema_version": 0,
          "private": "eyJlMmJmYjczMC1lY2FhLTExZTYtOGY4OC0zNDM2M2JjN2M0YzAiOnsiY3JlYXRlIjo2MDAwMDAwMDAwMDAsImRlbGV0ZSI6MTIwMDAwMDAwMDAwMH0sInNjaGVtYV92ZXJzaW9uIjoiMSJ9",
          "dependencies": [
            "aws_vpc.main",
            "data.aws_availability_zones.available"
          ]
        }
      ]
    },
    {
      "mode": "managed",
      "type": "aws_subnet",
      "name": "public",
      "provider": "provider[\"registry.terraform.io/hashicorp/aws\"]",
      "instances": [
        {
          "schema_version": 1,
          "attributes": {
            "arn": "arn:aws:ec2:us-east-1:645255961018:subnet/subnet-062afce3d270ef38c",
            "assign_ipv6_address_on_creation": false,
            "availability_zone": "us-east-1a",
            "availability_zone_id": "use1-az6",
            "cidr_block": "10.0.1.0/24",
            "customer_owned_ipv4_pool": "",
            "enable_dns64": false,
            "enable_lni_at_device_index": 0,
            "enable_resource_name_dns_a_record_on_launch": false,
            "enable_resource_name_dns_aaaa_record_on_launch": false,
            "id": "subnet-062afce3d270ef38c",
            "ipv6_cidr_block": "",
            "ipv6_cidr_block_association_id": "",
            "ipv6_native": false,
            "map_customer_owned_ip_on_launch": false,
            "map_public_ip_on_launch": true,
            "outpost_arn": "",
            "owner_id": "645255961018",
            "private_dns_hostname_type_on_launch": "ip-name",
            "tags": {
              "Name": "cloudhsm-poc-public-subnet"
            },
            "tags_all": {
              "Name": "cloudhsm-poc-public-subnet"
            },
            "timeouts": null,
            "vpc_id": "vpc-03ded445fda757994"
          },
          "sensitive_attributes": [],
          "identity_schema_version": 0,
          "private": "eyJlMmJmYjczMC1lY2FhLTExZTYtOGY4OC0zNDM2M2JjN2M0YzAiOnsiY3JlYXRlIjo2MDAwMDAwMDAwMDAsImRlbGV0ZSI6MTIwMDAwMDAwMDAwMH0sInNjaGVtYV92ZXJzaW9uIjoiMSJ9",
          "dependencies": [
            "aws_vpc.main",
            "data.aws_availability_zones.available"
          ]
        }
      ]
    },
    {
      "mode": "managed",
      "type": "aws_vpc",
      "name": "main",
      "provider": "provider[\"registry.terraform.io/hashicorp/aws\"]",
      "instances": [
        {
          "schema_version": 1,
          "attributes": {
            "arn": "arn:aws:ec2:us-east-1:645255961018:vpc/vpc-03ded445fda757994",
            "assign_generated_ipv6_cidr_block": false,
            "cidr_block": "10.0.0.0/16",
            "default_network_acl_id": "acl-00e105ddfaa628ff6",
            "default_route_table_id": "rtb-0d5be230e210cfeef",
            "default_security_group_id": "sg-049c021504aa4f24d",
            "dhcp_options_id": "dopt-03221d5b493372f9c",
            "enable_dns_hostnames": true,
            "enable_dns_support": true,
            "enable_network_address_usage_metrics": false,
            "id": "vpc-03ded445fda757994",
            "instance_tenancy": "default",
            "ipv4_ipam_pool_id": null,
            "ipv4_netmask_length": null,
            "ipv6_association_id": "",
            "ipv6_cidr_block": "",
            "ipv6_cidr_block_network_border_group": "",
            "ipv6_ipam_pool_id": "",
            "ipv6_netmask_length": 0,
            "main_route_table_id": "rtb-0d5be230e210cfeef",
            "owner_id": "645255961018",
            "tags": {
              "Name": "cloudhsm-poc-vpc"
            },
            "tags_all": {
              "Name": "cloudhsm-poc-vpc"
            }
          },
          "sensitive_attributes": [],
          "identity_schema_version": 0,
          "private": "eyJzY2hlbWFfdmVyc2lvbiI6IjEifQ=="
        }
      ]
    }
  ],
  "check_results": null
}
